
Microsoft Visual Studio Solution File, Format Version 11.00
# Visual Studio 2010
Project("{FAE04EC0-301F-11D3-BF4B-00C04F79EFBC}") = "Assembly-CSharp", "Assembly-CSharp.csproj", "{9924a293-915e-dd33-0956-4ab70ff9862e}"
EndProject
Project("{FAE04EC0-301F-11D3-BF4B-00C04F79EFBC}") = "Assembly-CSharp-Editor", "Assembly-CSharp-Editor.csproj", "{5a5e90a5-c726-a944-7c57-46f26def3469}"
EndProject
Global
	GlobalSection(SolutionConfigurationPlatforms) = preSolution
		Debug|Any CPU = Debug|Any CPU
	EndGlobalSection
	GlobalSection(ProjectConfigurationPlatforms) = postSolution
		{9924a293-915e-dd33-0956-4ab70ff9862e}.Debug|Any CPU.ActiveCfg = Debug|Any CPU
		{9924a293-915e-dd33-0956-4ab70ff9862e}.Debug|Any CPU.Build.0 = Debug|Any CPU
		{5a5e90a5-c726-a944-7c57-46f26def3469}.Debug|Any CPU.ActiveCfg = Debug|Any CPU
		{5a5e90a5-c726-a944-7c57-46f26def3469}.Debug|Any CPU.Build.0 = Debug|Any CPU
	EndGlobalSection
	GlobalSection(SolutionProperties) = preSolution
		HideSolutionNode = FALSE
	EndGlobalSection
EndGlobal
